
Microsoft Visual Studio Solution File, Format Version 12.00
# Visual Studio 15
VisualStudioVersion = 15.0.27703.2035
MinimumVisualStudioVersion = 10.0.40219.1
Project("{FAE04EC0-301F-11D3-BF4B-00C04F79EFBC}") = "TimeToShutDown", "TimeToShutDown\TimeToShutDown.csproj", "{20944F0E-D5AB-4509-8738-D3CF439EC1AF}"
EndProject
Global
	GlobalSection(SolutionConfigurationPlatforms) = preSolution
		Debug|Any CPU = Debug|Any CPU
		Release|Any CPU = Release|Any CPU
	EndGlobalSection
	GlobalSection(ProjectConfigurationPlatforms) = postSolution
		{20944F0E-D5AB-4509-8738-D3CF439EC1AF}.Debug|Any CPU.ActiveCfg = Debug|Any CPU
		{20944F0E-D5AB-4509-8738-D3CF439EC1AF}.Debug|Any CPU.Build.0 = Debug|Any CPU
		{20944F0E-D5AB-4509-8738-D3CF439EC1AF}.Release|Any CPU.ActiveCfg = Release|Any CPU
		{20944F0E-D5AB-4509-8738-D3CF439EC1AF}.Release|Any CPU.Build.0 = Release|Any CPU
	EndGlobalSection
	GlobalSection(SolutionProperties) = preSolution
		HideSolutionNode = FALSE
	EndGlobalSection
	GlobalSection(ExtensibilityGlobals) = postSolution
		SolutionGuid = {A5D80457-6C7E-4DFD-B997-3CDCBD445D00}
	EndGlobalSection
EndGlobal
